{
	"name": "node-balcon",
	"version": "2.0.0",
	"lockfileVersion": 2,
	"requires": true,
	"packages": {
		"": {
			"name": "node-balcon",
			"version": "1.0.0",
			"license": "MIT",
			"dependencies": {
				"iso-639-1": "^2.1.15"
			}
		},
		"node_modules/iso-639-1": {
			"version": "2.1.15",
			"resolved": "https://registry.npmjs.org/iso-639-1/-/iso-639-1-2.1.15.tgz",
			"integrity": "sha512-7c7mBznZu2ktfvyT582E2msM+Udc1EjOyhVRE/0ZsjD9LBtWSm23h3PtiRh2a35XoUsTQQjJXaJzuLjXsOdFDg==",
			"engines": {
				"node": ">=6.0"
			}
		}
	},
	"dependencies": {
		"iso-639-1": {
			"version": "2.1.15",
			"resolved": "https://registry.npmjs.org/iso-639-1/-/iso-639-1-2.1.15.tgz",
			"integrity": "sha512-7c7mBznZu2ktfvyT582E2msM+Udc1EjOyhVRE/0ZsjD9LBtWSm23h3PtiRh2a35XoUsTQQjJXaJzuLjXsOdFDg=="
		}
	}
}
